<Solution>
  <Project Path="e:/Gerges Files/Kilo-for-Visual-Studio/Kilo.VisualStudio.App/Kilo.VisualStudio.App.csproj" />
  <Project Path="e:/Gerges Files/Kilo-for-Visual-Studio/Kilo.VisualStudio.Cli/Kilo.VisualStudio.Cli.csproj" />
  <Project Path="e:/Gerges Files/Kilo-for-Visual-Studio/Kilo.VisualStudio.Contracts/Kilo.VisualStudio.Contracts.csproj" />
  <Project Path="e:/Gerges Files/Kilo-for-Visual-Studio/Kilo.VisualStudio.Extension/Kilo.VisualStudio.Extension.csproj" />
  <Project Path="e:/Gerges Files/Kilo-for-Visual-Studio/Kilo.VisualStudio.Integration/Kilo.VisualStudio.Integration.csproj" />
  <Project Path="e:/Gerges Files/Kilo-for-Visual-Studio/Kilo.VisualStudio.Tests/Kilo.VisualStudio.Tests.csproj" />
  <Project Path="e:/Gerges Files/Kilo-for-Visual-Studio/Kilo.VisualStudio.Vsix/Kilo.VisualStudio.Vsix.csproj" Id="a7a1c73a-8f2b-4f0a-a7c9-c2c5d4b7ef01" />
</Solution>
